
Microsoft Visual Studio Solution File, Format Version 12.00
# Visual Studio 15
VisualStudioVersion = 15.0.27130.2027
MinimumVisualStudioVersion = 10.0.40219.1
Project("{D954291E-2A0B-460D-934E-DC6B0785DB48}") = "ModernAlerts.Sample.Forms", "Sample.Forms\Sample.Forms\ModernAlerts.Sample.Forms.shproj", "{1F35FB03-BAD2-406B-90E2-F7A54927B607}"
EndProject
Project("{FAE04EC0-301F-11D3-BF4B-00C04F79EFBC}") = "ModernAlerts.Sample.Forms.iOS", "Sample.Forms\Sample.Forms.iOS\ModernAlerts.Sample.Forms.iOS.csproj", "{26E67357-17C9-4185-A76F-36959395D2B9}"
EndProject
Project("{FAE04EC0-301F-11D3-BF4B-00C04F79EFBC}") = "ModernAlerts.Sample.Android", "Sample.Forms\Sample.Forms.Android\ModernAlerts.Sample.Android.csproj", "{F819D0DD-F2BF-478F-8252-AF5A5BE3A7AB}"
EndProject
Global
	GlobalSection(SharedMSBuildProjectFiles) = preSolution
		Sample.Forms\Sample.Forms\Sample.Forms.projitems*{1f35fb03-bad2-406b-90e2-f7a54927b607}*SharedItemsImports = 13
		..\Plugin\ModernAlert.Shared\ModernAlert.Shared.projitems*{26e67357-17c9-4185-a76f-36959395d2b9}*SharedItemsImports = 4
		Sample.Forms\Sample.Forms\Sample.Forms.projitems*{26e67357-17c9-4185-a76f-36959395d2b9}*SharedItemsImports = 4
		..\Plugin\ModernAlert.Shared\ModernAlert.Shared.projitems*{f819d0dd-f2bf-478f-8252-af5a5be3a7ab}*SharedItemsImports = 4
		Sample.Forms\Sample.Forms\Sample.Forms.projitems*{f819d0dd-f2bf-478f-8252-af5a5be3a7ab}*SharedItemsImports = 4
	EndGlobalSection
	GlobalSection(SolutionConfigurationPlatforms) = preSolution
		Ad-Hoc|Any CPU = Ad-Hoc|Any CPU
		Ad-Hoc|ARM = Ad-Hoc|ARM
		Ad-Hoc|iPhone = Ad-Hoc|iPhone
		Ad-Hoc|iPhoneSimulator = Ad-Hoc|iPhoneSimulator
		Ad-Hoc|x64 = Ad-Hoc|x64
		Ad-Hoc|x86 = Ad-Hoc|x86
		AppStore|Any CPU = AppStore|Any CPU
		AppStore|ARM = AppStore|ARM
		AppStore|iPhone = AppStore|iPhone
		AppStore|iPhoneSimulator = AppStore|iPhoneSimulator
		AppStore|x64 = AppStore|x64
		AppStore|x86 = AppStore|x86
		Debug|Any CPU = Debug|Any CPU
		Debug|ARM = Debug|ARM
		Debug|iPhone = Debug|iPhone
		Debug|iPhoneSimulator = Debug|iPhoneSimulator
		Debug|x64 = Debug|x64
		Debug|x86 = Debug|x86
		Release|Any CPU = Release|Any CPU
		Release|ARM = Release|ARM
		Release|iPhone = Release|iPhone
		Release|iPhoneSimulator = Release|iPhoneSimulator
		Release|x64 = Release|x64
		Release|x86 = Release|x86
	EndGlobalSection
	GlobalSection(ProjectConfigurationPlatforms) = postSolution
		{26E67357-17C9-4185-A76F-36959395D2B9}.Ad-Hoc|Any CPU.ActiveCfg = Ad-Hoc|iPhone
		{26E67357-17C9-4185-A76F-36959395D2B9}.Ad-Hoc|ARM.ActiveCfg = Ad-Hoc|iPhone
		{26E67357-17C9-4185-A76F-36959395D2B9}.Ad-Hoc|iPhone.ActiveCfg = Ad-Hoc|iPhone
		{26E67357-17C9-4185-A76F-36959395D2B9}.Ad-Hoc|iPhone.Build.0 = Ad-Hoc|iPhone
		{26E67357-17C9-4185-A76F-36959395D2B9}.Ad-Hoc|iPhoneSimulator.ActiveCfg = Ad-Hoc|iPhoneSimulator
		{26E67357-17C9-4185-A76F-36959395D2B9}.Ad-Hoc|iPhoneSimulator.Build.0 = Ad-Hoc|iPhoneSimulator
		{26E67357-17C9-4185-A76F-36959395D2B9}.Ad-Hoc|x64.ActiveCfg = Ad-Hoc|iPhone
		{26E67357-17C9-4185-A76F-36959395D2B9}.Ad-Hoc|x86.ActiveCfg = Ad-Hoc|iPhone
		{26E67357-17C9-4185-A76F-36959395D2B9}.AppStore|Any CPU.ActiveCfg = AppStore|iPhone
		{26E67357-17C9-4185-A76F-36959395D2B9}.AppStore|ARM.ActiveCfg = AppStore|iPhone
		{26E67357-17C9-4185-A76F-36959395D2B9}.AppStore|iPhone.ActiveCfg = AppStore|iPhone
		{26E67357-17C9-4185-A76F-36959395D2B9}.AppStore|iPhone.Build.0 = AppStore|iPhone
		{26E67357-17C9-4185-A76F-36959395D2B9}.AppStore|iPhoneSimulator.ActiveCfg = AppStore|iPhoneSimulator
		{26E67357-17C9-4185-A76F-36959395D2B9}.AppStore|iPhoneSimulator.Build.0 = AppStore|iPhoneSimulator
		{26E67357-17C9-4185-A76F-36959395D2B9}.AppStore|x64.ActiveCfg = AppStore|iPhone
		{26E67357-17C9-4185-A76F-36959395D2B9}.AppStore|x86.ActiveCfg = AppStore|iPhone
		{26E67357-17C9-4185-A76F-36959395D2B9}.Debug|Any CPU.ActiveCfg = Debug|iPhone
		{26E67357-17C9-4185-A76F-36959395D2B9}.Debug|ARM.ActiveCfg = Debug|iPhone
		{26E67357-17C9-4185-A76F-36959395D2B9}.Debug|iPhone.ActiveCfg = Debug|iPhone
		{26E67357-17C9-4185-A76F-36959395D2B9}.Debug|iPhone.Build.0 = Debug|iPhone
		{26E67357-17C9-4185-A76F-36959395D2B9}.Debug|iPhoneSimulator.ActiveCfg = Debug|iPhoneSimulator
		{26E67357-17C9-4185-A76F-36959395D2B9}.Debug|iPhoneSimulator.Build.0 = Debug|iPhoneSimulator
		{26E67357-17C9-4185-A76F-36959395D2B9}.Debug|x64.ActiveCfg = Debug|iPhone
		{26E67357-17C9-4185-A76F-36959395D2B9}.Debug|x86.ActiveCfg = Debug|iPhone
		{26E67357-17C9-4185-A76F-36959395D2B9}.Release|Any CPU.ActiveCfg = Release|iPhone
		{26E67357-17C9-4185-A76F-36959395D2B9}.Release|ARM.ActiveCfg = Release|iPhone
		{26E67357-17C9-4185-A76F-36959395D2B9}.Release|iPhone.ActiveCfg = Release|iPhone
		{26E67357-17C9-4185-A76F-36959395D2B9}.Release|iPhone.Build.0 = Release|iPhone
		{26E67357-17C9-4185-A76F-36959395D2B9}.Release|iPhoneSimulator.ActiveCfg = Release|iPhoneSimulator
		{26E67357-17C9-4185-A76F-36959395D2B9}.Release|iPhoneSimulator.Build.0 = Release|iPhoneSimulator
		{26E67357-17C9-4185-A76F-36959395D2B9}.Release|x64.ActiveCfg = Release|iPhone
		{26E67357-17C9-4185-A76F-36959395D2B9}.Release|x86.ActiveCfg = Release|iPhone
		{F819D0DD-F2BF-478F-8252-AF5A5BE3A7AB}.Ad-Hoc|Any CPU.ActiveCfg = Release|Any CPU
		{F819D0DD-F2BF-478F-8252-AF5A5BE3A7AB}.Ad-Hoc|Any CPU.Build.0 = Release|Any CPU
		{F819D0DD-F2BF-478F-8252-AF5A5BE3A7AB}.Ad-Hoc|Any CPU.Deploy.0 = Release|Any CPU
		{F819D0DD-F2BF-478F-8252-AF5A5BE3A7AB}.Ad-Hoc|ARM.ActiveCfg = Release|Any CPU
		{F819D0DD-F2BF-478F-8252-AF5A5BE3A7AB}.Ad-Hoc|ARM.Build.0 = Release|Any CPU
		{F819D0DD-F2BF-478F-8252-AF5A5BE3A7AB}.Ad-Hoc|ARM.Deploy.0 = Release|Any CPU
		{F819D0DD-F2BF-478F-8252-AF5A5BE3A7AB}.Ad-Hoc|iPhone.ActiveCfg = Release|Any CPU
		{F819D0DD-F2BF-478F-8252-AF5A5BE3A7AB}.Ad-Hoc|iPhone.Build.0 = Release|Any CPU
		{F819D0DD-F2BF-478F-8252-AF5A5BE3A7AB}.Ad-Hoc|iPhone.Deploy.0 = Release|Any CPU
		{F819D0DD-F2BF-478F-8252-AF5A5BE3A7AB}.Ad-Hoc|iPhoneSimulator.ActiveCfg = Release|Any CPU
		{F819D0DD-F2BF-478F-8252-AF5A5BE3A7AB}.Ad-Hoc|iPhoneSimulator.Build.0 = Release|Any CPU
		{F819D0DD-F2BF-478F-8252-AF5A5BE3A7AB}.Ad-Hoc|iPhoneSimulator.Deploy.0 = Release|Any CPU
		{F819D0DD-F2BF-478F-8252-AF5A5BE3A7AB}.Ad-Hoc|x64.ActiveCfg = Release|Any CPU
		{F819D0DD-F2BF-478F-8252-AF5A5BE3A7AB}.Ad-Hoc|x64.Build.0 = Release|Any CPU
		{F819D0DD-F2BF-478F-8252-AF5A5BE3A7AB}.Ad-Hoc|x64.Deploy.0 = Release|Any CPU
		{F819D0DD-F2BF-478F-8252-AF5A5BE3A7AB}.Ad-Hoc|x86.ActiveCfg = Release|Any CPU
		{F819D0DD-F2BF-478F-8252-AF5A5BE3A7AB}.Ad-Hoc|x86.Build.0 = Release|Any CPU
		{F819D0DD-F2BF-478F-8252-AF5A5BE3A7AB}.Ad-Hoc|x86.Deploy.0 = Release|Any CPU
		{F819D0DD-F2BF-478F-8252-AF5A5BE3A7AB}.AppStore|Any CPU.ActiveCfg = Release|Any CPU
		{F819D0DD-F2BF-478F-8252-AF5A5BE3A7AB}.AppStore|Any CPU.Build.0 = Release|Any CPU
		{F819D0DD-F2BF-478F-8252-AF5A5BE3A7AB}.AppStore|Any CPU.Deploy.0 = Release|Any CPU
		{F819D0DD-F2BF-478F-8252-AF5A5BE3A7AB}.AppStore|ARM.ActiveCfg = Release|Any CPU
		{F819D0DD-F2BF-478F-8252-AF5A5BE3A7AB}.AppStore|ARM.Build.0 = Release|Any CPU
		{F819D0DD-F2BF-478F-8252-AF5A5BE3A7AB}.AppStore|ARM.Deploy.0 = Release|Any CPU
		{F819D0DD-F2BF-478F-8252-AF5A5BE3A7AB}.AppStore|iPhone.ActiveCfg = Release|Any CPU
		{F819D0DD-F2BF-478F-8252-AF5A5BE3A7AB}.AppStore|iPhone.Build.0 = Release|Any CPU
		{F819D0DD-F2BF-478F-8252-AF5A5BE3A7AB}.AppStore|iPhone.Deploy.0 = Release|Any CPU
		{F819D0DD-F2BF-478F-8252-AF5A5BE3A7AB}.AppStore|iPhoneSimulator.ActiveCfg = Release|Any CPU
		{F819D0DD-F2BF-478F-8252-AF5A5BE3A7AB}.AppStore|iPhoneSimulator.Build.0 = Release|Any CPU
		{F819D0DD-F2BF-478F-8252-AF5A5BE3A7AB}.AppStore|iPhoneSimulator.Deploy.0 = Release|Any CPU
		{F819D0DD-F2BF-478F-8252-AF5A5BE3A7AB}.AppStore|x64.ActiveCfg = Release|Any CPU
		{F819D0DD-F2BF-478F-8252-AF5A5BE3A7AB}.AppStore|x64.Build.0 = Release|Any CPU
		{F819D0DD-F2BF-478F-8252-AF5A5BE3A7AB}.AppStore|x64.Deploy.0 = Release|Any CPU
		{F819D0DD-F2BF-478F-8252-AF5A5BE3A7AB}.AppStore|x86.ActiveCfg = Release|Any CPU
		{F819D0DD-F2BF-478F-8252-AF5A5BE3A7AB}.AppStore|x86.Build.0 = Release|Any CPU
		{F819D0DD-F2BF-478F-8252-AF5A5BE3A7AB}.AppStore|x86.Deploy.0 = Release|Any CPU
		{F819D0DD-F2BF-478F-8252-AF5A5BE3A7AB}.Debug|Any CPU.ActiveCfg = Debug|Any CPU
		{F819D0DD-F2BF-478F-8252-AF5A5BE3A7AB}.Debug|Any CPU.Build.0 = Debug|Any CPU
		{F819D0DD-F2BF-478F-8252-AF5A5BE3A7AB}.Debug|Any CPU.Deploy.0 = Debug|Any CPU
		{F819D0DD-F2BF-478F-8252-AF5A5BE3A7AB}.Debug|ARM.ActiveCfg = Debug|Any CPU
		{F819D0DD-F2BF-478F-8252-AF5A5BE3A7AB}.Debug|ARM.Build.0 = Debug|Any CPU
		{F819D0DD-F2BF-478F-8252-AF5A5BE3A7AB}.Debug|ARM.Deploy.0 = Debug|Any CPU
		{F819D0DD-F2BF-478F-8252-AF5A5BE3A7AB}.Debug|iPhone.ActiveCfg = Debug|Any CPU
		{F819D0DD-F2BF-478F-8252-AF5A5BE3A7AB}.Debug|iPhone.Build.0 = Debug|Any CPU
		{F819D0DD-F2BF-478F-8252-AF5A5BE3A7AB}.Debug|iPhone.Deploy.0 = Debug|Any CPU
		{F819D0DD-F2BF-478F-8252-AF5A5BE3A7AB}.Debug|iPhoneSimulator.ActiveCfg = Debug|Any CPU
		{F819D0DD-F2BF-478F-8252-AF5A5BE3A7AB}.Debug|iPhoneSimulator.Build.0 = Debug|Any CPU
		{F819D0DD-F2BF-478F-8252-AF5A5BE3A7AB}.Debug|iPhoneSimulator.Deploy.0 = Debug|Any CPU
		{F819D0DD-F2BF-478F-8252-AF5A5BE3A7AB}.Debug|x64.ActiveCfg = Debug|Any CPU
		{F819D0DD-F2BF-478F-8252-AF5A5BE3A7AB}.Debug|x64.Build.0 = Debug|Any CPU
		{F819D0DD-F2BF-478F-8252-AF5A5BE3A7AB}.Debug|x64.Deploy.0 = Debug|Any CPU
		{F819D0DD-F2BF-478F-8252-AF5A5BE3A7AB}.Debug|x86.ActiveCfg = Debug|Any CPU
		{F819D0DD-F2BF-478F-8252-AF5A5BE3A7AB}.Debug|x86.Build.0 = Debug|Any CPU
		{F819D0DD-F2BF-478F-8252-AF5A5BE3A7AB}.Debug|x86.Deploy.0 = Debug|Any CPU
		{F819D0DD-F2BF-478F-8252-AF5A5BE3A7AB}.Release|Any CPU.ActiveCfg = Release|Any CPU
		{F819D0DD-F2BF-478F-8252-AF5A5BE3A7AB}.Release|Any CPU.Build.0 = Release|Any CPU
		{F819D0DD-F2BF-478F-8252-AF5A5BE3A7AB}.Release|Any CPU.Deploy.0 = Release|Any CPU
		{F819D0DD-F2BF-478F-8252-AF5A5BE3A7AB}.Release|ARM.ActiveCfg = Release|Any CPU
		{F819D0DD-F2BF-478F-8252-AF5A5BE3A7AB}.Release|ARM.Build.0 = Release|Any CPU
		{F819D0DD-F2BF-478F-8252-AF5A5BE3A7AB}.Release|ARM.Deploy.0 = Release|Any CPU
		{F819D0DD-F2BF-478F-8252-AF5A5BE3A7AB}.Release|iPhone.ActiveCfg = Release|Any CPU
		{F819D0DD-F2BF-478F-8252-AF5A5BE3A7AB}.Release|iPhone.Build.0 = Release|Any CPU
		{F819D0DD-F2BF-478F-8252-AF5A5BE3A7AB}.Release|iPhone.Deploy.0 = Release|Any CPU
		{F819D0DD-F2BF-478F-8252-AF5A5BE3A7AB}.Release|iPhoneSimulator.ActiveCfg = Release|Any CPU
		{F819D0DD-F2BF-478F-8252-AF5A5BE3A7AB}.Release|iPhoneSimulator.Build.0 = Release|Any CPU
		{F819D0DD-F2BF-478F-8252-AF5A5BE3A7AB}.Release|iPhoneSimulator.Deploy.0 = Release|Any CPU
		{F819D0DD-F2BF-478F-8252-AF5A5BE3A7AB}.Release|x64.ActiveCfg = Release|Any CPU
		{F819D0DD-F2BF-478F-8252-AF5A5BE3A7AB}.Release|x64.Build.0 = Release|Any CPU
		{F819D0DD-F2BF-478F-8252-AF5A5BE3A7AB}.Release|x64.Deploy.0 = Release|Any CPU
		{F819D0DD-F2BF-478F-8252-AF5A5BE3A7AB}.Release|x86.ActiveCfg = Release|Any CPU
		{F819D0DD-F2BF-478F-8252-AF5A5BE3A7AB}.Release|x86.Build.0 = Release|Any CPU
		{F819D0DD-F2BF-478F-8252-AF5A5BE3A7AB}.Release|x86.Deploy.0 = Release|Any CPU
	EndGlobalSection
	GlobalSection(SolutionProperties) = preSolution
		HideSolutionNode = FALSE
	EndGlobalSection
	GlobalSection(ExtensibilityGlobals) = postSolution
		SolutionGuid = {F6D05029-56B8-4E45-AF2D-0E76295DDBA2}
	EndGlobalSection
EndGlobal
